
Microsoft Visual Studio Solution File, Format Version 12.00
# Visual Studio 15
VisualStudioVersion = 15.0.26124.0
MinimumVisualStudioVersion = 15.0.26124.0
Project("{FAE04EC0-301F-11D3-BF4B-00C04F79EFBC}") = "TestCommon", "..\TestCommon\TestCommon.csproj", "{8619524F-4D5B-4E95-959B-ADF82DB35A88}"
EndProject
Project("{FAE04EC0-301F-11D3-BF4B-00C04F79EFBC}") = "A9", "A9\A9.csproj", "{EF8C82B1-4496-49A5-98AB-B8F601681100}"
EndProject
Project("{FAE04EC0-301F-11D3-BF4B-00C04F79EFBC}") = "A9.Tests", "A9.Tests\A9.Tests.csproj", "{1B69AC7A-4281-474F-B77C-B9AFD13E6FDE}"
EndProject
Global
	GlobalSection(SolutionConfigurationPlatforms) = preSolution
		Debug|Any CPU = Debug|Any CPU
		Debug|x64 = Debug|x64
		Debug|x86 = Debug|x86
		Release|Any CPU = Release|Any CPU
		Release|x64 = Release|x64
		Release|x86 = Release|x86
	EndGlobalSection
	GlobalSection(SolutionProperties) = preSolution
		HideSolutionNode = FALSE
	EndGlobalSection
	GlobalSection(ProjectConfigurationPlatforms) = postSolution
		{8619524F-4D5B-4E95-959B-ADF82DB35A88}.Debug|Any CPU.ActiveCfg = Debug|Any CPU
		{8619524F-4D5B-4E95-959B-ADF82DB35A88}.Debug|Any CPU.Build.0 = Debug|Any CPU
		{8619524F-4D5B-4E95-959B-ADF82DB35A88}.Debug|x64.ActiveCfg = Debug|Any CPU
		{8619524F-4D5B-4E95-959B-ADF82DB35A88}.Debug|x64.Build.0 = Debug|Any CPU
		{8619524F-4D5B-4E95-959B-ADF82DB35A88}.Debug|x86.ActiveCfg = Debug|Any CPU
		{8619524F-4D5B-4E95-959B-ADF82DB35A88}.Debug|x86.Build.0 = Debug|Any CPU
		{8619524F-4D5B-4E95-959B-ADF82DB35A88}.Release|Any CPU.ActiveCfg = Release|Any CPU
		{8619524F-4D5B-4E95-959B-ADF82DB35A88}.Release|Any CPU.Build.0 = Release|Any CPU
		{8619524F-4D5B-4E95-959B-ADF82DB35A88}.Release|x64.ActiveCfg = Release|Any CPU
		{8619524F-4D5B-4E95-959B-ADF82DB35A88}.Release|x64.Build.0 = Release|Any CPU
		{8619524F-4D5B-4E95-959B-ADF82DB35A88}.Release|x86.ActiveCfg = Release|Any CPU
		{8619524F-4D5B-4E95-959B-ADF82DB35A88}.Release|x86.Build.0 = Release|Any CPU
		{EF8C82B1-4496-49A5-98AB-B8F601681100}.Debug|Any CPU.ActiveCfg = Debug|Any CPU
		{EF8C82B1-4496-49A5-98AB-B8F601681100}.Debug|Any CPU.Build.0 = Debug|Any CPU
		{EF8C82B1-4496-49A5-98AB-B8F601681100}.Debug|x64.ActiveCfg = Debug|Any CPU
		{EF8C82B1-4496-49A5-98AB-B8F601681100}.Debug|x64.Build.0 = Debug|Any CPU
		{EF8C82B1-4496-49A5-98AB-B8F601681100}.Debug|x86.ActiveCfg = Debug|Any CPU
		{EF8C82B1-4496-49A5-98AB-B8F601681100}.Debug|x86.Build.0 = Debug|Any CPU
		{EF8C82B1-4496-49A5-98AB-B8F601681100}.Release|Any CPU.ActiveCfg = Release|Any CPU
		{EF8C82B1-4496-49A5-98AB-B8F601681100}.Release|Any CPU.Build.0 = Release|Any CPU
		{EF8C82B1-4496-49A5-98AB-B8F601681100}.Release|x64.ActiveCfg = Release|Any CPU
		{EF8C82B1-4496-49A5-98AB-B8F601681100}.Release|x64.Build.0 = Release|Any CPU
		{EF8C82B1-4496-49A5-98AB-B8F601681100}.Release|x86.ActiveCfg = Release|Any CPU
		{EF8C82B1-4496-49A5-98AB-B8F601681100}.Release|x86.Build.0 = Release|Any CPU
		{1B69AC7A-4281-474F-B77C-B9AFD13E6FDE}.Debug|Any CPU.ActiveCfg = Debug|Any CPU
		{1B69AC7A-4281-474F-B77C-B9AFD13E6FDE}.Debug|Any CPU.Build.0 = Debug|Any CPU
		{1B69AC7A-4281-474F-B77C-B9AFD13E6FDE}.Debug|x64.ActiveCfg = Debug|Any CPU
		{1B69AC7A-4281-474F-B77C-B9AFD13E6FDE}.Debug|x64.Build.0 = Debug|Any CPU
		{1B69AC7A-4281-474F-B77C-B9AFD13E6FDE}.Debug|x86.ActiveCfg = Debug|Any CPU
		{1B69AC7A-4281-474F-B77C-B9AFD13E6FDE}.Debug|x86.Build.0 = Debug|Any CPU
		{1B69AC7A-4281-474F-B77C-B9AFD13E6FDE}.Release|Any CPU.ActiveCfg = Release|Any CPU
		{1B69AC7A-4281-474F-B77C-B9AFD13E6FDE}.Release|Any CPU.Build.0 = Release|Any CPU
		{1B69AC7A-4281-474F-B77C-B9AFD13E6FDE}.Release|x64.ActiveCfg = Release|Any CPU
		{1B69AC7A-4281-474F-B77C-B9AFD13E6FDE}.Release|x64.Build.0 = Release|Any CPU
		{1B69AC7A-4281-474F-B77C-B9AFD13E6FDE}.Release|x86.ActiveCfg = Release|Any CPU
		{1B69AC7A-4281-474F-B77C-B9AFD13E6FDE}.Release|x86.Build.0 = Release|Any CPU
	EndGlobalSection
EndGlobal
