
Microsoft Visual Studio Solution File, Format Version 12.00
# Visual Studio 15
VisualStudioVersion = 15.0.26124.0
MinimumVisualStudioVersion = 15.0.26124.0
Project("{FAE04EC0-301F-11D3-BF4B-00C04F79EFBC}") = "TestCommon", "..\TestCommon\TestCommon.csproj", "{3DCF24E4-2FAD-44D3-B413-3E2927C4C776}"
EndProject
Project("{FAE04EC0-301F-11D3-BF4B-00C04F79EFBC}") = "A2", "A2\A2.csproj", "{28CE031F-DA53-4E6B-B17E-A7707BF9AA93}"
EndProject
Project("{FAE04EC0-301F-11D3-BF4B-00C04F79EFBC}") = "A2.Tests", "A2.Tests\A2.Tests.csproj", "{1D08A994-D388-4F2A-92D8-E860570E4511}"
EndProject
Global
	GlobalSection(SolutionConfigurationPlatforms) = preSolution
		Debug|Any CPU = Debug|Any CPU
		Debug|x64 = Debug|x64
		Debug|x86 = Debug|x86
		Release|Any CPU = Release|Any CPU
		Release|x64 = Release|x64
		Release|x86 = Release|x86
	EndGlobalSection
	GlobalSection(SolutionProperties) = preSolution
		HideSolutionNode = FALSE
	EndGlobalSection
	GlobalSection(ProjectConfigurationPlatforms) = postSolution
		{3DCF24E4-2FAD-44D3-B413-3E2927C4C776}.Debug|Any CPU.ActiveCfg = Debug|Any CPU
		{3DCF24E4-2FAD-44D3-B413-3E2927C4C776}.Debug|Any CPU.Build.0 = Debug|Any CPU
		{3DCF24E4-2FAD-44D3-B413-3E2927C4C776}.Debug|x64.ActiveCfg = Debug|Any CPU
		{3DCF24E4-2FAD-44D3-B413-3E2927C4C776}.Debug|x64.Build.0 = Debug|Any CPU
		{3DCF24E4-2FAD-44D3-B413-3E2927C4C776}.Debug|x86.ActiveCfg = Debug|Any CPU
		{3DCF24E4-2FAD-44D3-B413-3E2927C4C776}.Debug|x86.Build.0 = Debug|Any CPU
		{3DCF24E4-2FAD-44D3-B413-3E2927C4C776}.Release|Any CPU.ActiveCfg = Release|Any CPU
		{3DCF24E4-2FAD-44D3-B413-3E2927C4C776}.Release|Any CPU.Build.0 = Release|Any CPU
		{3DCF24E4-2FAD-44D3-B413-3E2927C4C776}.Release|x64.ActiveCfg = Release|Any CPU
		{3DCF24E4-2FAD-44D3-B413-3E2927C4C776}.Release|x64.Build.0 = Release|Any CPU
		{3DCF24E4-2FAD-44D3-B413-3E2927C4C776}.Release|x86.ActiveCfg = Release|Any CPU
		{3DCF24E4-2FAD-44D3-B413-3E2927C4C776}.Release|x86.Build.0 = Release|Any CPU
		{28CE031F-DA53-4E6B-B17E-A7707BF9AA93}.Debug|Any CPU.ActiveCfg = Debug|Any CPU
		{28CE031F-DA53-4E6B-B17E-A7707BF9AA93}.Debug|Any CPU.Build.0 = Debug|Any CPU
		{28CE031F-DA53-4E6B-B17E-A7707BF9AA93}.Debug|x64.ActiveCfg = Debug|Any CPU
		{28CE031F-DA53-4E6B-B17E-A7707BF9AA93}.Debug|x64.Build.0 = Debug|Any CPU
		{28CE031F-DA53-4E6B-B17E-A7707BF9AA93}.Debug|x86.ActiveCfg = Debug|Any CPU
		{28CE031F-DA53-4E6B-B17E-A7707BF9AA93}.Debug|x86.Build.0 = Debug|Any CPU
		{28CE031F-DA53-4E6B-B17E-A7707BF9AA93}.Release|Any CPU.ActiveCfg = Release|Any CPU
		{28CE031F-DA53-4E6B-B17E-A7707BF9AA93}.Release|Any CPU.Build.0 = Release|Any CPU
		{28CE031F-DA53-4E6B-B17E-A7707BF9AA93}.Release|x64.ActiveCfg = Release|Any CPU
		{28CE031F-DA53-4E6B-B17E-A7707BF9AA93}.Release|x64.Build.0 = Release|Any CPU
		{28CE031F-DA53-4E6B-B17E-A7707BF9AA93}.Release|x86.ActiveCfg = Release|Any CPU
		{28CE031F-DA53-4E6B-B17E-A7707BF9AA93}.Release|x86.Build.0 = Release|Any CPU
		{1D08A994-D388-4F2A-92D8-E860570E4511}.Debug|Any CPU.ActiveCfg = Debug|Any CPU
		{1D08A994-D388-4F2A-92D8-E860570E4511}.Debug|Any CPU.Build.0 = Debug|Any CPU
		{1D08A994-D388-4F2A-92D8-E860570E4511}.Debug|x64.ActiveCfg = Debug|Any CPU
		{1D08A994-D388-4F2A-92D8-E860570E4511}.Debug|x64.Build.0 = Debug|Any CPU
		{1D08A994-D388-4F2A-92D8-E860570E4511}.Debug|x86.ActiveCfg = Debug|Any CPU
		{1D08A994-D388-4F2A-92D8-E860570E4511}.Debug|x86.Build.0 = Debug|Any CPU
		{1D08A994-D388-4F2A-92D8-E860570E4511}.Release|Any CPU.ActiveCfg = Release|Any CPU
		{1D08A994-D388-4F2A-92D8-E860570E4511}.Release|Any CPU.Build.0 = Release|Any CPU
		{1D08A994-D388-4F2A-92D8-E860570E4511}.Release|x64.ActiveCfg = Release|Any CPU
		{1D08A994-D388-4F2A-92D8-E860570E4511}.Release|x64.Build.0 = Release|Any CPU
		{1D08A994-D388-4F2A-92D8-E860570E4511}.Release|x86.ActiveCfg = Release|Any CPU
		{1D08A994-D388-4F2A-92D8-E860570E4511}.Release|x86.Build.0 = Release|Any CPU
	EndGlobalSection
EndGlobal
