
Microsoft Visual Studio Solution File, Format Version 12.00
# Visual Studio 15
VisualStudioVersion = 15.0.26124.0
MinimumVisualStudioVersion = 15.0.26124.0
Project("{FAE04EC0-301F-11D3-BF4B-00C04F79EFBC}") = "TestCommon", "..\TestCommon\TestCommon.csproj", "{CA2C0920-9A5D-4A7F-B6E6-45DA07BB96A5}"
EndProject
Project("{FAE04EC0-301F-11D3-BF4B-00C04F79EFBC}") = "A7", "A7\A7.csproj", "{F078756D-CAA6-408F-8E4D-88842057E2A9}"
EndProject
Project("{FAE04EC0-301F-11D3-BF4B-00C04F79EFBC}") = "A7.Tests", "A7.Tests\A7.Tests.csproj", "{13BA637F-AB24-44F7-97A0-B2EB8EC7DC2E}"
EndProject
Global
	GlobalSection(SolutionConfigurationPlatforms) = preSolution
		Debug|Any CPU = Debug|Any CPU
		Debug|x64 = Debug|x64
		Debug|x86 = Debug|x86
		Release|Any CPU = Release|Any CPU
		Release|x64 = Release|x64
		Release|x86 = Release|x86
	EndGlobalSection
	GlobalSection(SolutionProperties) = preSolution
		HideSolutionNode = FALSE
	EndGlobalSection
	GlobalSection(ProjectConfigurationPlatforms) = postSolution
		{CA2C0920-9A5D-4A7F-B6E6-45DA07BB96A5}.Debug|Any CPU.ActiveCfg = Debug|Any CPU
		{CA2C0920-9A5D-4A7F-B6E6-45DA07BB96A5}.Debug|Any CPU.Build.0 = Debug|Any CPU
		{CA2C0920-9A5D-4A7F-B6E6-45DA07BB96A5}.Debug|x64.ActiveCfg = Debug|Any CPU
		{CA2C0920-9A5D-4A7F-B6E6-45DA07BB96A5}.Debug|x64.Build.0 = Debug|Any CPU
		{CA2C0920-9A5D-4A7F-B6E6-45DA07BB96A5}.Debug|x86.ActiveCfg = Debug|Any CPU
		{CA2C0920-9A5D-4A7F-B6E6-45DA07BB96A5}.Debug|x86.Build.0 = Debug|Any CPU
		{CA2C0920-9A5D-4A7F-B6E6-45DA07BB96A5}.Release|Any CPU.ActiveCfg = Release|Any CPU
		{CA2C0920-9A5D-4A7F-B6E6-45DA07BB96A5}.Release|Any CPU.Build.0 = Release|Any CPU
		{CA2C0920-9A5D-4A7F-B6E6-45DA07BB96A5}.Release|x64.ActiveCfg = Release|Any CPU
		{CA2C0920-9A5D-4A7F-B6E6-45DA07BB96A5}.Release|x64.Build.0 = Release|Any CPU
		{CA2C0920-9A5D-4A7F-B6E6-45DA07BB96A5}.Release|x86.ActiveCfg = Release|Any CPU
		{CA2C0920-9A5D-4A7F-B6E6-45DA07BB96A5}.Release|x86.Build.0 = Release|Any CPU
		{F078756D-CAA6-408F-8E4D-88842057E2A9}.Debug|Any CPU.ActiveCfg = Debug|Any CPU
		{F078756D-CAA6-408F-8E4D-88842057E2A9}.Debug|Any CPU.Build.0 = Debug|Any CPU
		{F078756D-CAA6-408F-8E4D-88842057E2A9}.Debug|x64.ActiveCfg = Debug|Any CPU
		{F078756D-CAA6-408F-8E4D-88842057E2A9}.Debug|x64.Build.0 = Debug|Any CPU
		{F078756D-CAA6-408F-8E4D-88842057E2A9}.Debug|x86.ActiveCfg = Debug|Any CPU
		{F078756D-CAA6-408F-8E4D-88842057E2A9}.Debug|x86.Build.0 = Debug|Any CPU
		{F078756D-CAA6-408F-8E4D-88842057E2A9}.Release|Any CPU.ActiveCfg = Release|Any CPU
		{F078756D-CAA6-408F-8E4D-88842057E2A9}.Release|Any CPU.Build.0 = Release|Any CPU
		{F078756D-CAA6-408F-8E4D-88842057E2A9}.Release|x64.ActiveCfg = Release|Any CPU
		{F078756D-CAA6-408F-8E4D-88842057E2A9}.Release|x64.Build.0 = Release|Any CPU
		{F078756D-CAA6-408F-8E4D-88842057E2A9}.Release|x86.ActiveCfg = Release|Any CPU
		{F078756D-CAA6-408F-8E4D-88842057E2A9}.Release|x86.Build.0 = Release|Any CPU
		{13BA637F-AB24-44F7-97A0-B2EB8EC7DC2E}.Debug|Any CPU.ActiveCfg = Debug|Any CPU
		{13BA637F-AB24-44F7-97A0-B2EB8EC7DC2E}.Debug|Any CPU.Build.0 = Debug|Any CPU
		{13BA637F-AB24-44F7-97A0-B2EB8EC7DC2E}.Debug|x64.ActiveCfg = Debug|Any CPU
		{13BA637F-AB24-44F7-97A0-B2EB8EC7DC2E}.Debug|x64.Build.0 = Debug|Any CPU
		{13BA637F-AB24-44F7-97A0-B2EB8EC7DC2E}.Debug|x86.ActiveCfg = Debug|Any CPU
		{13BA637F-AB24-44F7-97A0-B2EB8EC7DC2E}.Debug|x86.Build.0 = Debug|Any CPU
		{13BA637F-AB24-44F7-97A0-B2EB8EC7DC2E}.Release|Any CPU.ActiveCfg = Release|Any CPU
		{13BA637F-AB24-44F7-97A0-B2EB8EC7DC2E}.Release|Any CPU.Build.0 = Release|Any CPU
		{13BA637F-AB24-44F7-97A0-B2EB8EC7DC2E}.Release|x64.ActiveCfg = Release|Any CPU
		{13BA637F-AB24-44F7-97A0-B2EB8EC7DC2E}.Release|x64.Build.0 = Release|Any CPU
		{13BA637F-AB24-44F7-97A0-B2EB8EC7DC2E}.Release|x86.ActiveCfg = Release|Any CPU
		{13BA637F-AB24-44F7-97A0-B2EB8EC7DC2E}.Release|x86.Build.0 = Release|Any CPU
	EndGlobalSection
EndGlobal
