
Microsoft Visual Studio Solution File, Format Version 12.00
# Visual Studio 15
VisualStudioVersion = 15.0.26124.0
MinimumVisualStudioVersion = 15.0.26124.0
Project("{FAE04EC0-301F-11D3-BF4B-00C04F79EFBC}") = "TestCommon", "..\TestCommon\TestCommon.csproj", "{26CE3C58-1CD4-418D-8906-7CA3EC7A0B1D}"
EndProject
Project("{FAE04EC0-301F-11D3-BF4B-00C04F79EFBC}") = "C3", "C3\C3.csproj", "{DF9DC1EF-698A-4A96-B31B-E97CE0222B2C}"
EndProject
Project("{FAE04EC0-301F-11D3-BF4B-00C04F79EFBC}") = "C3.Tests", "C3.Tests\C3.Tests.csproj", "{2CE60BBB-F2BD-48A5-9914-9E071C64E528}"
EndProject
Global
	GlobalSection(SolutionConfigurationPlatforms) = preSolution
		Debug|Any CPU = Debug|Any CPU
		Debug|x64 = Debug|x64
		Debug|x86 = Debug|x86
		Release|Any CPU = Release|Any CPU
		Release|x64 = Release|x64
		Release|x86 = Release|x86
	EndGlobalSection
	GlobalSection(SolutionProperties) = preSolution
		HideSolutionNode = FALSE
	EndGlobalSection
	GlobalSection(ProjectConfigurationPlatforms) = postSolution
		{26CE3C58-1CD4-418D-8906-7CA3EC7A0B1D}.Debug|Any CPU.ActiveCfg = Debug|Any CPU
		{26CE3C58-1CD4-418D-8906-7CA3EC7A0B1D}.Debug|Any CPU.Build.0 = Debug|Any CPU
		{26CE3C58-1CD4-418D-8906-7CA3EC7A0B1D}.Debug|x64.ActiveCfg = Debug|Any CPU
		{26CE3C58-1CD4-418D-8906-7CA3EC7A0B1D}.Debug|x64.Build.0 = Debug|Any CPU
		{26CE3C58-1CD4-418D-8906-7CA3EC7A0B1D}.Debug|x86.ActiveCfg = Debug|Any CPU
		{26CE3C58-1CD4-418D-8906-7CA3EC7A0B1D}.Debug|x86.Build.0 = Debug|Any CPU
		{26CE3C58-1CD4-418D-8906-7CA3EC7A0B1D}.Release|Any CPU.ActiveCfg = Release|Any CPU
		{26CE3C58-1CD4-418D-8906-7CA3EC7A0B1D}.Release|Any CPU.Build.0 = Release|Any CPU
		{26CE3C58-1CD4-418D-8906-7CA3EC7A0B1D}.Release|x64.ActiveCfg = Release|Any CPU
		{26CE3C58-1CD4-418D-8906-7CA3EC7A0B1D}.Release|x64.Build.0 = Release|Any CPU
		{26CE3C58-1CD4-418D-8906-7CA3EC7A0B1D}.Release|x86.ActiveCfg = Release|Any CPU
		{26CE3C58-1CD4-418D-8906-7CA3EC7A0B1D}.Release|x86.Build.0 = Release|Any CPU
		{DF9DC1EF-698A-4A96-B31B-E97CE0222B2C}.Debug|Any CPU.ActiveCfg = Debug|Any CPU
		{DF9DC1EF-698A-4A96-B31B-E97CE0222B2C}.Debug|Any CPU.Build.0 = Debug|Any CPU
		{DF9DC1EF-698A-4A96-B31B-E97CE0222B2C}.Debug|x64.ActiveCfg = Debug|Any CPU
		{DF9DC1EF-698A-4A96-B31B-E97CE0222B2C}.Debug|x64.Build.0 = Debug|Any CPU
		{DF9DC1EF-698A-4A96-B31B-E97CE0222B2C}.Debug|x86.ActiveCfg = Debug|Any CPU
		{DF9DC1EF-698A-4A96-B31B-E97CE0222B2C}.Debug|x86.Build.0 = Debug|Any CPU
		{DF9DC1EF-698A-4A96-B31B-E97CE0222B2C}.Release|Any CPU.ActiveCfg = Release|Any CPU
		{DF9DC1EF-698A-4A96-B31B-E97CE0222B2C}.Release|Any CPU.Build.0 = Release|Any CPU
		{DF9DC1EF-698A-4A96-B31B-E97CE0222B2C}.Release|x64.ActiveCfg = Release|Any CPU
		{DF9DC1EF-698A-4A96-B31B-E97CE0222B2C}.Release|x64.Build.0 = Release|Any CPU
		{DF9DC1EF-698A-4A96-B31B-E97CE0222B2C}.Release|x86.ActiveCfg = Release|Any CPU
		{DF9DC1EF-698A-4A96-B31B-E97CE0222B2C}.Release|x86.Build.0 = Release|Any CPU
		{2CE60BBB-F2BD-48A5-9914-9E071C64E528}.Debug|Any CPU.ActiveCfg = Debug|Any CPU
		{2CE60BBB-F2BD-48A5-9914-9E071C64E528}.Debug|Any CPU.Build.0 = Debug|Any CPU
		{2CE60BBB-F2BD-48A5-9914-9E071C64E528}.Debug|x64.ActiveCfg = Debug|Any CPU
		{2CE60BBB-F2BD-48A5-9914-9E071C64E528}.Debug|x64.Build.0 = Debug|Any CPU
		{2CE60BBB-F2BD-48A5-9914-9E071C64E528}.Debug|x86.ActiveCfg = Debug|Any CPU
		{2CE60BBB-F2BD-48A5-9914-9E071C64E528}.Debug|x86.Build.0 = Debug|Any CPU
		{2CE60BBB-F2BD-48A5-9914-9E071C64E528}.Release|Any CPU.ActiveCfg = Release|Any CPU
		{2CE60BBB-F2BD-48A5-9914-9E071C64E528}.Release|Any CPU.Build.0 = Release|Any CPU
		{2CE60BBB-F2BD-48A5-9914-9E071C64E528}.Release|x64.ActiveCfg = Release|Any CPU
		{2CE60BBB-F2BD-48A5-9914-9E071C64E528}.Release|x64.Build.0 = Release|Any CPU
		{2CE60BBB-F2BD-48A5-9914-9E071C64E528}.Release|x86.ActiveCfg = Release|Any CPU
		{2CE60BBB-F2BD-48A5-9914-9E071C64E528}.Release|x86.Build.0 = Release|Any CPU
	EndGlobalSection
EndGlobal
